
Microsoft Visual Studio Solution File, Format Version 12.00
# Visual Studio Version 17
VisualStudioVersion = 17.12.35527.113 d17.12
MinimumVisualStudioVersion = 10.0.40219.1
Project("{FAE04EC0-301F-11D3-BF4B-00C04F79EFBC}") = "LanguageInstallMVC", "LanguageInstallMVC\LanguageInstallMVC.csproj", "{53F0AAF3-F30D-4F44-8A54-1BB9473C6364}"
EndProject
Project("{FAE04EC0-301F-11D3-BF4B-00C04F79EFBC}") = "LanguageInstall.Data", "Data\LanguageInstall.Data.csproj", "{70E86A49-18F6-467A-82ED-5B3D68489B6D}"
EndProject
Project("{FAE04EC0-301F-11D3-BF4B-00C04F79EFBC}") = "LanguageInstall.Service", "Service\LanguageInstall.Service.csproj", "{4147E2CF-0199-4BC1-A194-99D01E740FDF}"
EndProject
Global
	GlobalSection(SolutionConfigurationPlatforms) = preSolution
		Debug|Any CPU = Debug|Any CPU
		Release|Any CPU = Release|Any CPU
	EndGlobalSection
	GlobalSection(ProjectConfigurationPlatforms) = postSolution
		{53F0AAF3-F30D-4F44-8A54-1BB9473C6364}.Debug|Any CPU.ActiveCfg = Debug|Any CPU
		{53F0AAF3-F30D-4F44-8A54-1BB9473C6364}.Debug|Any CPU.Build.0 = Debug|Any CPU
		{53F0AAF3-F30D-4F44-8A54-1BB9473C6364}.Release|Any CPU.ActiveCfg = Release|Any CPU
		{53F0AAF3-F30D-4F44-8A54-1BB9473C6364}.Release|Any CPU.Build.0 = Release|Any CPU
		{70E86A49-18F6-467A-82ED-5B3D68489B6D}.Debug|Any CPU.ActiveCfg = Debug|Any CPU
		{70E86A49-18F6-467A-82ED-5B3D68489B6D}.Debug|Any CPU.Build.0 = Debug|Any CPU
		{70E86A49-18F6-467A-82ED-5B3D68489B6D}.Release|Any CPU.ActiveCfg = Release|Any CPU
		{70E86A49-18F6-467A-82ED-5B3D68489B6D}.Release|Any CPU.Build.0 = Release|Any CPU
		{4147E2CF-0199-4BC1-A194-99D01E740FDF}.Debug|Any CPU.ActiveCfg = Debug|Any CPU
		{4147E2CF-0199-4BC1-A194-99D01E740FDF}.Debug|Any CPU.Build.0 = Debug|Any CPU
		{4147E2CF-0199-4BC1-A194-99D01E740FDF}.Release|Any CPU.ActiveCfg = Release|Any CPU
		{4147E2CF-0199-4BC1-A194-99D01E740FDF}.Release|Any CPU.Build.0 = Release|Any CPU
	EndGlobalSection
	GlobalSection(SolutionProperties) = preSolution
		HideSolutionNode = FALSE
	EndGlobalSection
EndGlobal
